
Microsoft Visual Studio Solution File, Format Version 12.00
# Visual Studio Version 17
VisualStudioVersion = 17.14.36310.24
MinimumVisualStudioVersion = 10.0.40219.1
Project("{FAE04EC0-301F-11D3-BF4B-00C04F79EFBC}") = "MileCalculator", "MileCalculator.csproj", "{8877CF24-C236-42B2-BB3C-C0356A997951}"
EndProject
Project("{FAE04EC0-301F-11D3-BF4B-00C04F79EFBC}") = "NewMileCalc", "..\NewMileCalc\NewMileCalc.csproj", "{B79A9682-54C4-4A1C-8B35-A908AB0C561A}"
EndProject
Global
	GlobalSection(SolutionConfigurationPlatforms) = preSolution
		Debug|Any CPU = Debug|Any CPU
		Release|Any CPU = Release|Any CPU
	EndGlobalSection
	GlobalSection(ProjectConfigurationPlatforms) = postSolution
		{8877CF24-C236-42B2-BB3C-C0356A997951}.Debug|Any CPU.ActiveCfg = Debug|Any CPU
		{8877CF24-C236-42B2-BB3C-C0356A997951}.Debug|Any CPU.Build.0 = Debug|Any CPU
		{8877CF24-C236-42B2-BB3C-C0356A997951}.Release|Any CPU.ActiveCfg = Release|Any CPU
		{8877CF24-C236-42B2-BB3C-C0356A997951}.Release|Any CPU.Build.0 = Release|Any CPU
		{B79A9682-54C4-4A1C-8B35-A908AB0C561A}.Debug|Any CPU.ActiveCfg = Debug|Any CPU
		{B79A9682-54C4-4A1C-8B35-A908AB0C561A}.Debug|Any CPU.Build.0 = Debug|Any CPU
		{B79A9682-54C4-4A1C-8B35-A908AB0C561A}.Release|Any CPU.ActiveCfg = Release|Any CPU
		{B79A9682-54C4-4A1C-8B35-A908AB0C561A}.Release|Any CPU.Build.0 = Release|Any CPU
	EndGlobalSection
	GlobalSection(SolutionProperties) = preSolution
		HideSolutionNode = FALSE
	EndGlobalSection
	GlobalSection(ExtensibilityGlobals) = postSolution
		SolutionGuid = {966B6690-250C-4603-A6DE-0A3754F95ED5}
	EndGlobalSection
EndGlobal
